{
	"name": "typescript-config",
	"version": "1.0.0",
	"lockfileVersion": 3,
	"requires": true,
	"packages": {
		"": {
			"name": "typescript-config",
			"version": "1.0.0",
			"devDependencies": {
				"prettier": "^3.0.3",
				"prettier-config": "github:AkimeAki/Prettier-Config#1.0.0"
			},
			"engines": {
				"node": "18.18.0",
				"npm": "9.8.1"
			}
		},
		"node_modules/prettier": {
			"version": "3.0.3",
			"resolved": "https://registry.npmjs.org/prettier/-/prettier-3.0.3.tgz",
			"integrity": "sha512-L/4pUDMxcNa8R/EthV08Zt42WBO4h1rarVtK0K+QJG0X187OLo7l699jWw0GKuwzkPQ//jMFA/8Xm6Fh3J/DAg==",
			"dev": true,
			"bin": {
				"prettier": "bin/prettier.cjs"
			},
			"engines": {
				"node": ">=14"
			},
			"funding": {
				"url": "https://github.com/prettier/prettier?sponsor=1"
			}
		},
		"node_modules/prettier-config": {
			"version": "1.0.0",
			"resolved": "git+ssh://git@github.com/AkimeAki/Prettier-Config.git#a84d20c1626ccd3c034b732b33906fc572b0c326",
			"dev": true,
			"engines": {
				"node": "18.18.0",
				"npm": "9.8.1"
			}
		}
	}
}
